// !$*UTF8*$!
{
	archiveVersion = 1;
	classes = {
	};
	objectVersion = 48;
	objects = {

/* Begin PBXBuildFile section */
		AE499BA71FD43AA50082562A /* AppDelegate.swift in Sources */ = {isa = PBXBuildFile; fileRef = AE499BA61FD43AA50082562A /* AppDelegate.swift */; };
		AE499BA91FD43AA50082562A /* ViewController.swift in Sources */ = {isa = PBXBuildFile; fileRef = AE499BA81FD43AA50082562A /* ViewController.swift */; };
		AE499BAC1FD43AA50082562A /* Main.storyboard in Resources */ = {isa = PBXBuildFile; fileRef = AE499BAA1FD43AA50082562A /* Main.storyboard */; };
		AE499BAE1FD43AA50082562A /* Assets.xcassets in Resources */ = {isa = PBXBuildFile; fileRef = AE499BAD1FD43AA50082562A /* Assets.xcassets */; };
		AE499BB11FD43AA50082562A /* LaunchScreen.storyboard in Resources */ = {isa = PBXBuildFile; fileRef = AE499BAF1FD43AA50082562A /* LaunchScreen.storyboard */; };
		AE499BB91FD43C260082562A /* ShowModalViewController.swift in Sources */ = {isa = PBXBuildFile; fileRef = AE499BB81FD43C260082562A /* ShowModalViewController.swift */; };
/* End PBXBuildFile section */

/* Begin PBXFileReference section */
		AE499BA31FD43AA50082562A /* ViewControllerPresentation.app */ = {isa = PBXFileReference; explicitFileType = wrapper.application; includeInIndex = 0; path = ViewControllerPresentation.app; sourceTree = BUILT_PRODUCTS_DIR; };
		AE499BA61FD43AA50082562A /* AppDelegate.swift */ = {isa = PBXFileReference; lastKnownFileType = sourcecode.swift; path = AppDelegate.swift; sourceTree = "<group>"; };
		AE499BA81FD43AA50082562A /* ViewController.swift */ = {isa = PBXFileReference; lastKnownFileType = sourcecode.swift; path = ViewController.swift; sourceTree = "<group>"; };
		AE499BAB1FD43AA50082562A /* Base */ = {isa = PBXFileReference; lastKnownFileType = file.storyboard; name = Base; path = Base.lproj/Main.storyboard; sourceTree = "<group>"; };
		AE499BAD1FD43AA50082562A /* Assets.xcassets */ = {isa = PBXFileReference; lastKnownFileType = folder.assetcatalog; path = Assets.xcassets; sourceTree = "<group>"; };
		AE499BB01FD43AA50082562A /* Base */ = {isa = PBXFileReference; lastKnownFileType = file.storyboard; name = Base; path = Base.lproj/LaunchScreen.storyboard; sourceTree = "<group>"; };
		AE499BB21FD43AA50082562A /* Info.plist */ = {isa = PBXFileReference; lastKnownFileType = text.plist.xml; path = Info.plist; sourceTree = "<group>"; };
		AE499BB81FD43C260082562A /* ShowModalViewController.swift */ = {isa = PBXFileReference; lastKnownFileType = sourcecode.swift; path = ShowModalViewController.swift; sourceTree = "<group>"; };
/* End PBXFileReference section */

/* Begin PBXFrameworksBuildPhase section */
		AE499BA01FD43AA50082562A /* Frameworks */ = {
			isa = PBXFrameworksBuildPhase;
			buildActionMask = 2147483647;
			files = (
			);
			runOnlyForDeploymentPostprocessing = 0;
		};
/* End PBXFrameworksBuildPhase section */

/* Begin PBXGroup section */
		AE499B9A1FD43AA50082562A = {
			isa = PBXGroup;
			children = (
				AE499BA51FD43AA50082562A /* ViewControllerPresentation */,
				AE499BA41FD43AA50082562A /* Products */,
			);
			sourceTree = "<group>";
		};
		AE499BA41FD43AA50082562A /* Products */ = {
			isa = PBXGroup;
			children = (
				AE499BA31FD43AA50082562A /* ViewControllerPresentation.app */,
			);
			name = Products;
			sourceTree = "<group>";
		};
		AE499BA51FD43AA50082562A /* ViewControllerPresentation */ = {
			isa = PBXGroup;
			children = (
				AE499BA61FD43AA50082562A /* AppDelegate.swift */,
				AE499BA81FD43AA50082562A /* ViewController.swift */,
				AE499BB81FD43C260082562A /* ShowModalViewController.swift */,
				AE499BAA1FD43AA50082562A /* Main.storyboard */,
				AE499BAD1FD43AA50082562A /* Assets.xcassets */,
				AE499BAF1FD43AA50082562A /* LaunchScreen.storyboard */,
				AE499BB21FD43AA50082562A /* Info.plist */,
			);
			path = ViewControllerPresentation;
			sourceTree = "<group>";
		};
/* End PBXGroup section */

/* Begin PBXNativeTarget section */
		AE499BA21FD43AA50082562A /* ViewControllerPresentation */ = {
			isa = PBXNativeTarget;
			buildConfigurationList = AE499BB51FD43AA50082562A /* Build configuration list for PBXNativeTarget "ViewControllerPresentation" */;
			buildPhases = (
				AE499B9F1FD43AA50082562A /* Sources */,
				AE499BA01FD43AA50082562A /* Frameworks */,
				AE499BA11FD43AA50082562A /* Resources */,
			);
			buildRules = (
			);
			dependencies = (
			);
			name = ViewControllerPresentation;
			productName = ViewControllerPresentation;
			productReference = AE499BA31FD43AA50082562A /* ViewControllerPresentation.app */;
			productType = "com.apple.product-type.application";
		};
/* End PBXNativeTarget section */

/* Begin PBXProject section */
		AE499B9B1FD43AA50082562A /* Project object */ = {
			isa = PBXProject;
			attributes = {
				LastSwiftUpdateCheck = 0910;
				LastUpgradeCheck = 0910;
				ORGANIZATIONNAME = "Ilya Bilov";
				TargetAttributes = {
					AE499BA21FD43AA50082562A = {
						CreatedOnToolsVersion = 9.1;
						ProvisioningStyle = Automatic;
					};
				};
			};
			buildConfigurationList = AE499B9E1FD43AA50082562A /* Build configuration list for PBXProject "ViewControllerPresentation" */;
			compatibilityVersion = "Xcode 8.0";
			developmentRegion = en;
			hasScannedForEncodings = 0;
			knownRegions = (
				en,
				Base,
			);
			mainGroup = AE499B9A1FD43AA50082562A;
			productRefGroup = AE499BA41FD43AA50082562A /* Products */;
			projectDirPath = "";
			projectRoot = "";
			targets = (
				AE499BA21FD43AA50082562A /* ViewControllerPresentation */,
			);
		};
/* End PBXProject section */

/* Begin PBXResourcesBuildPhase section */
		AE499BA11FD43AA50082562A /* Resources */ = {
			isa = PBXResourcesBuildPhase;
			buildActionMask = 2147483647;
			files = (
				AE499BB11FD43AA50082562A /* LaunchScreen.storyboard in Resources */,
				AE499BAE1FD43AA50082562A /* Assets.xcassets in Resources */,
				AE499BAC1FD43AA50082562A /* Main.storyboard in Resources */,
			);
			runOnlyForDeploymentPostprocessing = 0;
		};
/* End PBXResourcesBuildPhase section */

/* Begin PBXSourcesBuildPhase section */
		AE499B9F1FD43AA50082562A /* Sources */ = {
			isa = PBXSourcesBuildPhase;
			buildActionMask = 2147483647;
			files = (
				AE499BA91FD43AA50082562A /* ViewController.swift in Sources */,
				AE499BB91FD43C260082562A /* ShowModalViewController.swift in Sources */,
				AE499BA71FD43AA50082562A /* AppDelegate.swift in Sources */,
			);
			runOnlyForDeploymentPostprocessing = 0;
		};
/* End PBXSourcesBuildPhase section */

/* Begin PBXVariantGroup section */
		AE499BAA1FD43AA50082562A /* Main.storyboard */ = {
			isa = PBXVariantGroup;
			children = (
				AE499BAB1FD43AA50082562A /* Base */,
			);
			name = Main.storyboard;
			sourceTree = "<group>";
		};
		AE499BAF1FD43AA50082562A /* LaunchScreen.storyboard */ = {
			isa = PBXVariantGroup;
			children = (
				AE499BB01FD43AA50082562A /* Base */,
			);
			name = LaunchScreen.storyboard;
			sourceTree = "<group>";
		};
/* End PBXVariantGroup section */

/* Begin XCBuildConfiguration section */
		AE499BB31FD43AA50082562A /* Debug */ = {
			isa = XCBuildConfiguration;
			buildSettings = {
				ALWAYS_SEARCH_USER_PATHS = NO;
				CLANG_ANALYZER_NONNULL = YES;
				CLANG_ANALYZER_NUMBER_OBJECT_CONVERSION = YES_AGGRESSIVE;
				CLANG_CXX_LANGUAGE_STANDARD = "gnu++14";
				CLANG_CXX_LIBRARY = "libc++";
				CLANG_ENABLE_MODULES = YES;
				CLANG_ENABLE_OBJC_ARC = YES;
				CLANG_WARN_BLOCK_CAPTURE_AUTORELEASING = YES;
				CLANG_WARN_BOOL_CONVERSION = YES;
				CLANG_WARN_COMMA = YES;
				CLANG_WARN_CONSTANT_CONVERSION = YES;
				CLANG_WARN_DIRECT_OBJC_ISA_USAGE = YES_ERROR;
				CLANG_WARN_DOCUMENTATION_COMMENTS = YES;
				CLANG_WARN_EMPTY_BODY = YES;
				CLANG_WARN_ENUM_CONVERSION = YES;
				CLANG_WARN_INFINITE_RECURSION = YES;
				CLANG_WARN_INT_CONVERSION = YES;
				CLANG_WARN_NON_LITERAL_NULL_CONVERSION = YES;
				CLANG_WARN_OBJC_LITERAL_CONVERSION = YES;
				CLANG_WARN_OBJC_ROOT_CLASS = YES_ERROR;
				CLANG_WARN_RANGE_LOOP_ANALYSIS = YES;
				CLANG_WARN_STRICT_PROTOTYPES = YES;
				CLANG_WARN_SUSPICIOUS_MOVE = YES;
				CLANG_WARN_UNGUARDED_AVAILABILITY = YES_AGGRESSIVE;
				CLANG_WARN_UNREACHABLE_CODE = YES;
				CLANG_WARN__DUPLICATE_METHOD_MATCH = YES;
				CODE_SIGN_IDENTITY = "iPhone Developer";
				COPY_PHASE_STRIP = NO;
				DEBUG_INFORMATION_FORMAT = dwarf;
				ENABLE_STRICT_OBJC_MSGSEND = YES;
				ENABLE_TESTABILITY = YES;
				GCC_C_LANGUAGE_STANDARD = gnu11;
				GCC_DYNAMIC_NO_PIC = NO;
				GCC_NO_COMMON_BLOCKS = YES;
				GCC_OPTIMIZATION_LEVEL = 0;
				GCC_PREPROCESSOR_DEFINITIONS = (
					"DEBUG=1",
					"$(inherited)",
				);
				GCC_WARN_64_TO_32_BIT_CONVERSION = YES;
				GCC_WARN_ABOUT_RETURN_TYPE = YES_ERROR;
				GCC_WARN_UNDECLARED_SELECTOR = YES;
				GCC_WARN_UNINITIALIZED_AUTOS = YES_AGGRESSIVE;
				GCC_WARN_UNUSED_FUNCTION = YES;
				GCC_WARN_UNUSED_VARIABLE = YES;
				IPHONEOS_DEPLOYMENT_TARGET = 11.1;
				MTL_ENABLE_DEBUG_INFO = YES;
				ONLY_ACTIVE_ARCH = YES;
				SDKROOT = iphoneos;
				SWIFT_ACTIVE_COMPILATION_CONDITIONS = DEBUG;
				SWIFT_OPTIMIZATION_LEVEL = "-Onone";
			};
			name = Debug;
		};
		AE499BB41FD43AA50082562A /* Release */ = {
			isa = XCBuildConfiguration;
			buildSettings = {
				ALWAYS_SEARCH_USER_PATHS = NO;
				CLANG_ANALYZER_NONNULL = YES;
				CLANG_ANALYZER_NUMBER_OBJECT_CONVERSION = YES_AGGRESSIVE;
				CLANG_CXX_LANGUAGE_STANDARD = "gnu++14";
				CLANG_CXX_LIBRARY = "libc++";
				CLANG_ENABLE_MODULES = YES;
				CLANG_ENABLE_OBJC_ARC = YES;
				CLANG_WARN_BLOCK_CAPTURE_AUTORELEASING = YES;
				CLANG_WARN_BOOL_CONVERSION = YES;
				CLANG_WARN_COMMA = YES;
				CLANG_WARN_CONSTANT_CONVERSION = YES;
				CLANG_WARN_DIRECT_OBJC_ISA_USAGE = YES_ERROR;
				CLANG_WARN_DOCUMENTATION_COMMENTS = YES;
				CLANG_WARN_EMPTY_BODY = YES;
				CLANG_WARN_ENUM_CONVERSION = YES;
				CLANG_WARN_INFINITE_RECURSION = YES;
				CLANG_WARN_INT_CONVERSION = YES;
				CLANG_WARN_NON_LITERAL_NULL_CONVERSION = YES;
				CLANG_WARN_OBJC_LITERAL_CONVERSION = YES;
				CLANG_WARN_OBJC_ROOT_CLASS = YES_ERROR;
				CLANG_WARN_RANGE_LOOP_ANALYSIS = YES;
				CLANG_WARN_STRICT_PROTOTYPES = YES;
				CLANG_WARN_SUSPICIOUS_MOVE = YES;
				CLANG_WARN_UNGUARDED_AVAILABILITY = YES_AGGRESSIVE;
				CLANG_WARN_UNREACHABLE_CODE = YES;
				CLANG_WARN__DUPLICATE_METHOD_MATCH = YES;
				CODE_SIGN_IDENTITY = "iPhone Developer";
				COPY_PHASE_STRIP = NO;
				DEBUG_INFORMATION_FORMAT = "dwarf-with-dsym";
				ENABLE_NS_ASSERTIONS = NO;
				ENABLE_STRICT_OBJC_MSGSEND = YES;
				GCC_C_LANGUAGE_STANDARD = gnu11;
				GCC_NO_COMMON_BLOCKS = YES;
				GCC_WARN_64_TO_32_BIT_CONVERSION = YES;
				GCC_WARN_ABOUT_RETURN_TYPE = YES_ERROR;
				GCC_WARN_UNDECLARED_SELECTOR = YES;
				GCC_WARN_UNINITIALIZED_AUTOS = YES_AGGRESSIVE;
				GCC_WARN_UNUSED_FUNCTION = YES;
				GCC_WARN_UNUSED_VARIABLE = YES;
				IPHONEOS_DEPLOYMENT_TARGET = 11.1;
				MTL_ENABLE_DEBUG_INFO = NO;
				SDKROOT = iphoneos;
				SWIFT_OPTIMIZATION_LEVEL = "-Owholemodule";
				VALIDATE_PRODUCT = YES;
			};
			name = Release;
		};
		AE499BB61FD43AA50082562A /* Debug */ = {
			isa = XCBuildConfiguration;
			buildSettings = {
				ASSETCATALOG_COMPILER_APPICON_NAME = AppIcon;
				CODE_SIGN_STYLE = Automatic;
				INFOPLIST_FILE = ViewControllerPresentation/Info.plist;
				LD_RUNPATH_SEARCH_PATHS = "$(inherited) @executable_path/Frameworks";
				PRODUCT_BUNDLE_IDENTIFIER = test.ViewControllerPresentation;
				PRODUCT_NAME = "$(TARGET_NAME)";
				SWIFT_VERSION = 4.0;
				TARGETED_DEVICE_FAMILY = "1,2";
			};
			name = Debug;
		};
		AE499BB71FD43AA50082562A /* Release */ = {
			isa = XCBuildConfiguration;
			buildSettings = {
				ASSETCATALOG_COMPILER_APPICON_NAME = AppIcon;
				CODE_SIGN_STYLE = Automatic;
				INFOPLIST_FILE = ViewControllerPresentation/Info.plist;
				LD_RUNPATH_SEARCH_PATHS = "$(inherited) @executable_path/Frameworks";
				PRODUCT_BUNDLE_IDENTIFIER = test.ViewControllerPresentation;
				PRODUCT_NAME = "$(TARGET_NAME)";
				SWIFT_VERSION = 4.0;
				TARGETED_DEVICE_FAMILY = "1,2";
			};
			name = Release;
		};
/* End XCBuildConfiguration section */

/* Begin XCConfigurationList section */
		AE499B9E1FD43AA50082562A /* Build configuration list for PBXProject "ViewControllerPresentation" */ = {
			isa = XCConfigurationList;
			buildConfigurations = (
				AE499BB31FD43AA50082562A /* Debug */,
				AE499BB41FD43AA50082562A /* Release */,
			);
			defaultConfigurationIsVisible = 0;
			defaultConfigurationName = Release;
		};
		AE499BB51FD43AA50082562A /* Build configuration list for PBXNativeTarget "ViewControllerPresentation" */ = {
			isa = XCConfigurationList;
			buildConfigurations = (
				AE499BB61FD43AA50082562A /* Debug */,
				AE499BB71FD43AA50082562A /* Release */,
			);
			defaultConfigurationIsVisible = 0;
			defaultConfigurationName = Release;
		};
/* End XCConfigurationList section */
	};
	rootObject = AE499B9B1FD43AA50082562A /* Project object */;
}
